
Microsoft Visual Studio Solution File, Format Version 12.00
# Visual Studio Version 17
VisualStudioVersion = 17.0.32014.148
MinimumVisualStudioVersion = 10.0.40219.1
Project("{9A19103F-16F7-4668-BE54-9A1E7A4F7556}") = "CorDeGen", "CorDeGen\CorDeGen.csproj", "{3472E9AE-0A67-45FF-87A7-957A92DA4CB3}"
EndProject
Project("{FAE04EC0-301F-11D3-BF4B-00C04F79EFBC}") = "CorDeGen.Tests.Unit", "CorDeGen.Tests.Unit\CorDeGen.Tests.Unit.csproj", "{671C33E8-385C-400E-AE9F-3273FC549BB0}"
EndProject
Global
	GlobalSection(SolutionConfigurationPlatforms) = preSolution
		Debug|Any CPU = Debug|Any CPU
		Release|Any CPU = Release|Any CPU
	EndGlobalSection
	GlobalSection(ProjectConfigurationPlatforms) = postSolution
		{3472E9AE-0A67-45FF-87A7-957A92DA4CB3}.Debug|Any CPU.ActiveCfg = Debug|Any CPU
		{3472E9AE-0A67-45FF-87A7-957A92DA4CB3}.Debug|Any CPU.Build.0 = Debug|Any CPU
		{3472E9AE-0A67-45FF-87A7-957A92DA4CB3}.Release|Any CPU.ActiveCfg = Release|Any CPU
		{3472E9AE-0A67-45FF-87A7-957A92DA4CB3}.Release|Any CPU.Build.0 = Release|Any CPU
		{671C33E8-385C-400E-AE9F-3273FC549BB0}.Debug|Any CPU.ActiveCfg = Debug|Any CPU
		{671C33E8-385C-400E-AE9F-3273FC549BB0}.Debug|Any CPU.Build.0 = Debug|Any CPU
		{671C33E8-385C-400E-AE9F-3273FC549BB0}.Release|Any CPU.ActiveCfg = Release|Any CPU
		{671C33E8-385C-400E-AE9F-3273FC549BB0}.Release|Any CPU.Build.0 = Release|Any CPU
	EndGlobalSection
	GlobalSection(SolutionProperties) = preSolution
		HideSolutionNode = FALSE
	EndGlobalSection
	GlobalSection(ExtensibilityGlobals) = postSolution
		SolutionGuid = {0F0AC2E2-16A2-4DCE-B544-BF84A80E9878}
	EndGlobalSection
EndGlobal
