
Microsoft Visual Studio Solution File, Format Version 12.00
# Visual Studio Version 17
VisualStudioVersion = 17.0.32014.148
MinimumVisualStudioVersion = 10.0.40219.1
Project("{9A19103F-16F7-4668-BE54-9A1E7A4F7556}") = "CorDeGen", "CorDeGen\CorDeGen.csproj", "{3472E9AE-0A67-45FF-87A7-957A92DA4CB3}"
EndProject
Project("{9A19103F-16F7-4668-BE54-9A1E7A4F7556}") = "CorDeGen.Tests.Unit", "CorDeGen.Tests.Unit\CorDeGen.Tests.Unit.csproj", "{671C33E8-385C-400E-AE9F-3273FC549BB0}"
EndProject
Project("{9A19103F-16F7-4668-BE54-9A1E7A4F7556}") = "CorDeGen.CLI", "CorDeGen.CLI\CorDeGen.CLI.csproj", "{E6452957-E61D-4D0E-8981-9A08E94E8B5A}"
EndProject
Project("{9A19103F-16F7-4668-BE54-9A1E7A4F7556}") = "CorDeGen.Benchmark", "CorDeGen.Benchmark\CorDeGen.Benchmark.csproj", "{4B4BE2E4-A7A4-4437-964E-034B9D982D73}"
EndProject
Project("{9A19103F-16F7-4668-BE54-9A1E7A4F7556}") = "CorDeGen.KMeans", "CorDeGen.KMeans\CorDeGen.KMeans.csproj", "{E6E42F3A-4BF8-48C3-91A4-E407C1DB13F4}"
EndProject
Project("{9A19103F-16F7-4668-BE54-9A1E7A4F7556}") = "CorDeGen.Tests.Integration", "CorDeGen.Tests.Integration\CorDeGen.Tests.Integration.csproj", "{11FE23E0-9261-4C80-9EA7-3546F22BACB2}"
EndProject
Project("{9A19103F-16F7-4668-BE54-9A1E7A4F7556}") = "CorDeGen.Sentiment", "CorDeGen.Sentiment\CorDeGen.Sentiment.csproj", "{D94A59B9-6789-4B9C-AE96-6F323874D4DD}"
EndProject
Global
	GlobalSection(SolutionConfigurationPlatforms) = preSolution
		Debug|Any CPU = Debug|Any CPU
		Release|Any CPU = Release|Any CPU
	EndGlobalSection
	GlobalSection(ProjectConfigurationPlatforms) = postSolution
		{3472E9AE-0A67-45FF-87A7-957A92DA4CB3}.Debug|Any CPU.ActiveCfg = Debug|Any CPU
		{3472E9AE-0A67-45FF-87A7-957A92DA4CB3}.Debug|Any CPU.Build.0 = Debug|Any CPU
		{3472E9AE-0A67-45FF-87A7-957A92DA4CB3}.Release|Any CPU.ActiveCfg = Release|Any CPU
		{3472E9AE-0A67-45FF-87A7-957A92DA4CB3}.Release|Any CPU.Build.0 = Release|Any CPU
		{671C33E8-385C-400E-AE9F-3273FC549BB0}.Debug|Any CPU.ActiveCfg = Debug|Any CPU
		{671C33E8-385C-400E-AE9F-3273FC549BB0}.Debug|Any CPU.Build.0 = Debug|Any CPU
		{671C33E8-385C-400E-AE9F-3273FC549BB0}.Release|Any CPU.ActiveCfg = Release|Any CPU
		{671C33E8-385C-400E-AE9F-3273FC549BB0}.Release|Any CPU.Build.0 = Release|Any CPU
		{E6452957-E61D-4D0E-8981-9A08E94E8B5A}.Debug|Any CPU.ActiveCfg = Debug|Any CPU
		{E6452957-E61D-4D0E-8981-9A08E94E8B5A}.Debug|Any CPU.Build.0 = Debug|Any CPU
		{E6452957-E61D-4D0E-8981-9A08E94E8B5A}.Release|Any CPU.ActiveCfg = Release|Any CPU
		{E6452957-E61D-4D0E-8981-9A08E94E8B5A}.Release|Any CPU.Build.0 = Release|Any CPU
		{4B4BE2E4-A7A4-4437-964E-034B9D982D73}.Debug|Any CPU.ActiveCfg = Debug|Any CPU
		{4B4BE2E4-A7A4-4437-964E-034B9D982D73}.Debug|Any CPU.Build.0 = Debug|Any CPU
		{4B4BE2E4-A7A4-4437-964E-034B9D982D73}.Release|Any CPU.ActiveCfg = Release|Any CPU
		{4B4BE2E4-A7A4-4437-964E-034B9D982D73}.Release|Any CPU.Build.0 = Release|Any CPU
		{E6E42F3A-4BF8-48C3-91A4-E407C1DB13F4}.Debug|Any CPU.ActiveCfg = Debug|Any CPU
		{E6E42F3A-4BF8-48C3-91A4-E407C1DB13F4}.Debug|Any CPU.Build.0 = Debug|Any CPU
		{E6E42F3A-4BF8-48C3-91A4-E407C1DB13F4}.Release|Any CPU.ActiveCfg = Release|Any CPU
		{E6E42F3A-4BF8-48C3-91A4-E407C1DB13F4}.Release|Any CPU.Build.0 = Release|Any CPU
		{11FE23E0-9261-4C80-9EA7-3546F22BACB2}.Debug|Any CPU.ActiveCfg = Debug|Any CPU
		{11FE23E0-9261-4C80-9EA7-3546F22BACB2}.Debug|Any CPU.Build.0 = Debug|Any CPU
		{11FE23E0-9261-4C80-9EA7-3546F22BACB2}.Release|Any CPU.ActiveCfg = Release|Any CPU
		{11FE23E0-9261-4C80-9EA7-3546F22BACB2}.Release|Any CPU.Build.0 = Release|Any CPU
		{D94A59B9-6789-4B9C-AE96-6F323874D4DD}.Debug|Any CPU.ActiveCfg = Debug|Any CPU
		{D94A59B9-6789-4B9C-AE96-6F323874D4DD}.Debug|Any CPU.Build.0 = Debug|Any CPU
		{D94A59B9-6789-4B9C-AE96-6F323874D4DD}.Release|Any CPU.ActiveCfg = Release|Any CPU
		{D94A59B9-6789-4B9C-AE96-6F323874D4DD}.Release|Any CPU.Build.0 = Release|Any CPU
	EndGlobalSection
	GlobalSection(SolutionProperties) = preSolution
		HideSolutionNode = FALSE
	EndGlobalSection
	GlobalSection(ExtensibilityGlobals) = postSolution
		SolutionGuid = {0F0AC2E2-16A2-4DCE-B544-BF84A80E9878}
	EndGlobalSection
EndGlobal
